{
  "pins" : [
    {
      "identity" : "sfreadablesymbols",
      "kind" : "remoteSourceControl",
      "location" : "https://github.com/YusukeHosonuma/SFReadableSymbols.git",
      "state" : {
        "revision" : "e7d4c2a28ff151774ae50234632a9a1c73b658fb",
        "version" : "1.0.0"
      }
    },
    {
      "identity" : "swiftui-common",
      "kind" : "remoteSourceControl",
      "location" : "https://github.com/YusukeHosonuma/SwiftUI-Common.git",
      "state" : {
        "revision" : "915a4a0b0ef5b044300e329ef1bf74256f37b91b",
        "version" : "0.1.2"
      }
    }
  ],
  "version" : 2
}
