// !$*UTF8*$!
{
	archiveVersion = 1;
	classes = {
	};
	objectVersion = 55;
	objects = {

/* Begin PBXBuildFile section */
		70CDC64727F1689400CD3782 /* Tests_iOS.swift in Sources */ = {isa = PBXBuildFile; fileRef = 70CDC64627F1689400CD3782 /* Tests_iOS.swift */; };
		70CDC64927F1689400CD3782 /* Tests_iOSLaunchTests.swift in Sources */ = {isa = PBXBuildFile; fileRef = 70CDC64827F1689400CD3782 /* Tests_iOSLaunchTests.swift */; };
		70CDC65327F1689400CD3782 /* Tests_macOS.swift in Sources */ = {isa = PBXBuildFile; fileRef = 70CDC65227F1689400CD3782 /* Tests_macOS.swift */; };
		70CDC65527F1689400CD3782 /* Tests_macOSLaunchTests.swift in Sources */ = {isa = PBXBuildFile; fileRef = 70CDC65427F1689400CD3782 /* Tests_macOSLaunchTests.swift */; };
		70CDC65627F1689400CD3782 /* MainApp.swift in Sources */ = {isa = PBXBuildFile; fileRef = 70CDC62E27F1689300CD3782 /* MainApp.swift */; };
		70CDC65727F1689400CD3782 /* MainApp.swift in Sources */ = {isa = PBXBuildFile; fileRef = 70CDC62E27F1689300CD3782 /* MainApp.swift */; };
		70CDC65A27F1689400CD3782 /* Assets.xcassets in Resources */ = {isa = PBXBuildFile; fileRef = 70CDC63027F1689400CD3782 /* Assets.xcassets */; };
		70CDC65B27F1689400CD3782 /* Assets.xcassets in Resources */ = {isa = PBXBuildFile; fileRef = 70CDC63027F1689400CD3782 /* Assets.xcassets */; };
		70CDC66C27F169C700CD3782 /* Root in Frameworks */ = {isa = PBXBuildFile; productRef = 70CDC66B27F169C700CD3782 /* Root */; };
		70CDC66E27F169CE00CD3782 /* Root in Frameworks */ = {isa = PBXBuildFile; productRef = 70CDC66D27F169CE00CD3782 /* Root */; };
/* End PBXBuildFile section */

/* Begin PBXContainerItemProxy section */
		70CDC64327F1689400CD3782 /* PBXContainerItemProxy */ = {
			isa = PBXContainerItemProxy;
			containerPortal = 70CDC62927F1689300CD3782 /* Project object */;
			proxyType = 1;
			remoteGlobalIDString = 70CDC63427F1689400CD3782;
			remoteInfo = "E2DCApp (iOS)";
		};
		70CDC64F27F1689400CD3782 /* PBXContainerItemProxy */ = {
			isa = PBXContainerItemProxy;
			containerPortal = 70CDC62927F1689300CD3782 /* Project object */;
			proxyType = 1;
			remoteGlobalIDString = 70CDC63A27F1689400CD3782;
			remoteInfo = "E2DCApp (macOS)";
		};
/* End PBXContainerItemProxy section */

/* Begin PBXFileReference section */
		70CDC62E27F1689300CD3782 /* MainApp.swift */ = {isa = PBXFileReference; lastKnownFileType = sourcecode.swift; path = MainApp.swift; sourceTree = "<group>"; };
		70CDC63027F1689400CD3782 /* Assets.xcassets */ = {isa = PBXFileReference; lastKnownFileType = folder.assetcatalog; path = Assets.xcassets; sourceTree = "<group>"; };
		70CDC63527F1689400CD3782 /* E2DCApp.app */ = {isa = PBXFileReference; explicitFileType = wrapper.application; includeInIndex = 0; path = E2DCApp.app; sourceTree = BUILT_PRODUCTS_DIR; };
		70CDC63B27F1689400CD3782 /* E2DCApp.app */ = {isa = PBXFileReference; explicitFileType = wrapper.application; includeInIndex = 0; path = E2DCApp.app; sourceTree = BUILT_PRODUCTS_DIR; };
		70CDC63D27F1689400CD3782 /* macOS.entitlements */ = {isa = PBXFileReference; lastKnownFileType = text.plist.entitlements; path = macOS.entitlements; sourceTree = "<group>"; };
		70CDC64227F1689400CD3782 /* Tests iOS.xctest */ = {isa = PBXFileReference; explicitFileType = wrapper.cfbundle; includeInIndex = 0; path = "Tests iOS.xctest"; sourceTree = BUILT_PRODUCTS_DIR; };
		70CDC64627F1689400CD3782 /* Tests_iOS.swift */ = {isa = PBXFileReference; lastKnownFileType = sourcecode.swift; path = Tests_iOS.swift; sourceTree = "<group>"; };
		70CDC64827F1689400CD3782 /* Tests_iOSLaunchTests.swift */ = {isa = PBXFileReference; lastKnownFileType = sourcecode.swift; path = Tests_iOSLaunchTests.swift; sourceTree = "<group>"; };
		70CDC64E27F1689400CD3782 /* Tests macOS.xctest */ = {isa = PBXFileReference; explicitFileType = wrapper.cfbundle; includeInIndex = 0; path = "Tests macOS.xctest"; sourceTree = BUILT_PRODUCTS_DIR; };
		70CDC65227F1689400CD3782 /* Tests_macOS.swift */ = {isa = PBXFileReference; lastKnownFileType = sourcecode.swift; path = Tests_macOS.swift; sourceTree = "<group>"; };
		70CDC65427F1689400CD3782 /* Tests_macOSLaunchTests.swift */ = {isa = PBXFileReference; lastKnownFileType = sourcecode.swift; path = Tests_macOSLaunchTests.swift; sourceTree = "<group>"; };
/* End PBXFileReference section */

/* Begin PBXFrameworksBuildPhase section */
		70CDC63227F1689400CD3782 /* Frameworks */ = {
			isa = PBXFrameworksBuildPhase;
			buildActionMask = 2147483647;
			files = (
				70CDC66C27F169C700CD3782 /* Root in Frameworks */,
			);
			runOnlyForDeploymentPostprocessing = 0;
		};
		70CDC63827F1689400CD3782 /* Frameworks */ = {
			isa = PBXFrameworksBuildPhase;
			buildActionMask = 2147483647;
			files = (
				70CDC66E27F169CE00CD3782 /* Root in Frameworks */,
			);
			runOnlyForDeploymentPostprocessing = 0;
		};
		70CDC63F27F1689400CD3782 /* Frameworks */ = {
			isa = PBXFrameworksBuildPhase;
			buildActionMask = 2147483647;
			files = (
			);
			runOnlyForDeploymentPostprocessing = 0;
		};
		70CDC64B27F1689400CD3782 /* Frameworks */ = {
			isa = PBXFrameworksBuildPhase;
			buildActionMask = 2147483647;
			files = (
			);
			runOnlyForDeploymentPostprocessing = 0;
		};
/* End PBXFrameworksBuildPhase section */

/* Begin PBXGroup section */
		70CDC62827F1689300CD3782 = {
			isa = PBXGroup;
			children = (
				70CDC62D27F1689300CD3782 /* Shared */,
				70CDC63C27F1689400CD3782 /* macOS */,
				70CDC64527F1689400CD3782 /* Tests iOS */,
				70CDC65127F1689400CD3782 /* Tests macOS */,
				70CDC63627F1689400CD3782 /* Products */,
				70CDC66A27F169C700CD3782 /* Frameworks */,
			);
			sourceTree = "<group>";
		};
		70CDC62D27F1689300CD3782 /* Shared */ = {
			isa = PBXGroup;
			children = (
				70CDC62E27F1689300CD3782 /* MainApp.swift */,
				70CDC63027F1689400CD3782 /* Assets.xcassets */,
			);
			path = Shared;
			sourceTree = "<group>";
		};
		70CDC63627F1689400CD3782 /* Products */ = {
			isa = PBXGroup;
			children = (
				70CDC63527F1689400CD3782 /* E2DCApp.app */,
				70CDC63B27F1689400CD3782 /* E2DCApp.app */,
				70CDC64227F1689400CD3782 /* Tests iOS.xctest */,
				70CDC64E27F1689400CD3782 /* Tests macOS.xctest */,
			);
			name = Products;
			sourceTree = "<group>";
		};
		70CDC63C27F1689400CD3782 /* macOS */ = {
			isa = PBXGroup;
			children = (
				70CDC63D27F1689400CD3782 /* macOS.entitlements */,
			);
			path = macOS;
			sourceTree = "<group>";
		};
		70CDC64527F1689400CD3782 /* Tests iOS */ = {
			isa = PBXGroup;
			children = (
				70CDC64627F1689400CD3782 /* Tests_iOS.swift */,
				70CDC64827F1689400CD3782 /* Tests_iOSLaunchTests.swift */,
			);
			path = "Tests iOS";
			sourceTree = "<group>";
		};
		70CDC65127F1689400CD3782 /* Tests macOS */ = {
			isa = PBXGroup;
			children = (
				70CDC65227F1689400CD3782 /* Tests_macOS.swift */,
				70CDC65427F1689400CD3782 /* Tests_macOSLaunchTests.swift */,
			);
			path = "Tests macOS";
			sourceTree = "<group>";
		};
		70CDC66A27F169C700CD3782 /* Frameworks */ = {
			isa = PBXGroup;
			children = (
			);
			name = Frameworks;
			sourceTree = "<group>";
		};
/* End PBXGroup section */

/* Begin PBXNativeTarget section */
		70CDC63427F1689400CD3782 /* E2DCApp (iOS) */ = {
			isa = PBXNativeTarget;
			buildConfigurationList = 70CDC65E27F1689400CD3782 /* Build configuration list for PBXNativeTarget "E2DCApp (iOS)" */;
			buildPhases = (
				708F5E0F27F1A77E0089D8F7 /* Format Sources */,
				70CDC63127F1689400CD3782 /* Sources */,
				70CDC63227F1689400CD3782 /* Frameworks */,
				70CDC63327F1689400CD3782 /* Resources */,
			);
			buildRules = (
			);
			dependencies = (
			);
			name = "E2DCApp (iOS)";
			packageProductDependencies = (
				70CDC66B27F169C700CD3782 /* Root */,
			);
			productName = "E2DCApp (iOS)";
			productReference = 70CDC63527F1689400CD3782 /* E2DCApp.app */;
			productType = "com.apple.product-type.application";
		};
		70CDC63A27F1689400CD3782 /* E2DCApp (macOS) */ = {
			isa = PBXNativeTarget;
			buildConfigurationList = 70CDC66127F1689400CD3782 /* Build configuration list for PBXNativeTarget "E2DCApp (macOS)" */;
			buildPhases = (
				708F5E1027F1A79F0089D8F7 /* Format Sources */,
				70CDC63727F1689400CD3782 /* Sources */,
				70CDC63827F1689400CD3782 /* Frameworks */,
				70CDC63927F1689400CD3782 /* Resources */,
			);
			buildRules = (
			);
			dependencies = (
			);
			name = "E2DCApp (macOS)";
			packageProductDependencies = (
				70CDC66D27F169CE00CD3782 /* Root */,
			);
			productName = "E2DCApp (macOS)";
			productReference = 70CDC63B27F1689400CD3782 /* E2DCApp.app */;
			productType = "com.apple.product-type.application";
		};
		70CDC64127F1689400CD3782 /* Tests iOS */ = {
			isa = PBXNativeTarget;
			buildConfigurationList = 70CDC66427F1689400CD3782 /* Build configuration list for PBXNativeTarget "Tests iOS" */;
			buildPhases = (
				70CDC63E27F1689400CD3782 /* Sources */,
				70CDC63F27F1689400CD3782 /* Frameworks */,
				70CDC64027F1689400CD3782 /* Resources */,
			);
			buildRules = (
			);
			dependencies = (
				70CDC64427F1689400CD3782 /* PBXTargetDependency */,
			);
			name = "Tests iOS";
			productName = "Tests iOS";
			productReference = 70CDC64227F1689400CD3782 /* Tests iOS.xctest */;
			productType = "com.apple.product-type.bundle.ui-testing";
		};
		70CDC64D27F1689400CD3782 /* Tests macOS */ = {
			isa = PBXNativeTarget;
			buildConfigurationList = 70CDC66727F1689400CD3782 /* Build configuration list for PBXNativeTarget "Tests macOS" */;
			buildPhases = (
				70CDC64A27F1689400CD3782 /* Sources */,
				70CDC64B27F1689400CD3782 /* Frameworks */,
				70CDC64C27F1689400CD3782 /* Resources */,
			);
			buildRules = (
			);
			dependencies = (
				70CDC65027F1689400CD3782 /* PBXTargetDependency */,
			);
			name = "Tests macOS";
			productName = "Tests macOS";
			productReference = 70CDC64E27F1689400CD3782 /* Tests macOS.xctest */;
			productType = "com.apple.product-type.bundle.ui-testing";
		};
/* End PBXNativeTarget section */

/* Begin PBXProject section */
		70CDC62927F1689300CD3782 /* Project object */ = {
			isa = PBXProject;
			attributes = {
				BuildIndependentTargetsInParallel = 1;
				LastSwiftUpdateCheck = 1330;
				LastUpgradeCheck = 1330;
				TargetAttributes = {
					70CDC63427F1689400CD3782 = {
						CreatedOnToolsVersion = 13.3;
					};
					70CDC63A27F1689400CD3782 = {
						CreatedOnToolsVersion = 13.3;
					};
					70CDC64127F1689400CD3782 = {
						CreatedOnToolsVersion = 13.3;
						TestTargetID = 70CDC63427F1689400CD3782;
					};
					70CDC64D27F1689400CD3782 = {
						CreatedOnToolsVersion = 13.3;
						TestTargetID = 70CDC63A27F1689400CD3782;
					};
				};
			};
			buildConfigurationList = 70CDC62C27F1689300CD3782 /* Build configuration list for PBXProject "E2DCApp" */;
			compatibilityVersion = "Xcode 13.0";
			developmentRegion = en;
			hasScannedForEncodings = 0;
			knownRegions = (
				en,
				Base,
			);
			mainGroup = 70CDC62827F1689300CD3782;
			productRefGroup = 70CDC63627F1689400CD3782 /* Products */;
			projectDirPath = "";
			projectRoot = "";
			targets = (
				70CDC63427F1689400CD3782 /* E2DCApp (iOS) */,
				70CDC63A27F1689400CD3782 /* E2DCApp (macOS) */,
				70CDC64127F1689400CD3782 /* Tests iOS */,
				70CDC64D27F1689400CD3782 /* Tests macOS */,
			);
		};
/* End PBXProject section */

/* Begin PBXResourcesBuildPhase section */
		70CDC63327F1689400CD3782 /* Resources */ = {
			isa = PBXResourcesBuildPhase;
			buildActionMask = 2147483647;
			files = (
				70CDC65A27F1689400CD3782 /* Assets.xcassets in Resources */,
			);
			runOnlyForDeploymentPostprocessing = 0;
		};
		70CDC63927F1689400CD3782 /* Resources */ = {
			isa = PBXResourcesBuildPhase;
			buildActionMask = 2147483647;
			files = (
				70CDC65B27F1689400CD3782 /* Assets.xcassets in Resources */,
			);
			runOnlyForDeploymentPostprocessing = 0;
		};
		70CDC64027F1689400CD3782 /* Resources */ = {
			isa = PBXResourcesBuildPhase;
			buildActionMask = 2147483647;
			files = (
			);
			runOnlyForDeploymentPostprocessing = 0;
		};
		70CDC64C27F1689400CD3782 /* Resources */ = {
			isa = PBXResourcesBuildPhase;
			buildActionMask = 2147483647;
			files = (
			);
			runOnlyForDeploymentPostprocessing = 0;
		};
/* End PBXResourcesBuildPhase section */

/* Begin PBXShellScriptBuildPhase section */
		708F5E0F27F1A77E0089D8F7 /* Format Sources */ = {
			isa = PBXShellScriptBuildPhase;
			buildActionMask = 2147483647;
			files = (
			);
			inputFileListPaths = (
			);
			inputPaths = (
			);
			name = "Format Sources";
			outputFileListPaths = (
			);
			outputPaths = (
			);
			runOnlyForDeploymentPostprocessing = 0;
			shellPath = /bin/sh;
			shellScript = "# Type a script or drag a script file from your workspace to insert its path.\nmint run swiftformat $SRCROOT/Root\n";
		};
		708F5E1027F1A79F0089D8F7 /* Format Sources */ = {
			isa = PBXShellScriptBuildPhase;
			buildActionMask = 2147483647;
			files = (
			);
			inputFileListPaths = (
			);
			inputPaths = (
			);
			name = "Format Sources";
			outputFileListPaths = (
			);
			outputPaths = (
			);
			runOnlyForDeploymentPostprocessing = 0;
			shellPath = /bin/sh;
			shellScript = "# Type a script or drag a script file from your workspace to insert its path.\nmint run swiftformat $SRCROOT/Root\n";
		};
/* End PBXShellScriptBuildPhase section */

/* Begin PBXSourcesBuildPhase section */
		70CDC63127F1689400CD3782 /* Sources */ = {
			isa = PBXSourcesBuildPhase;
			buildActionMask = 2147483647;
			files = (
				70CDC65627F1689400CD3782 /* MainApp.swift in Sources */,
			);
			runOnlyForDeploymentPostprocessing = 0;
		};
		70CDC63727F1689400CD3782 /* Sources */ = {
			isa = PBXSourcesBuildPhase;
			buildActionMask = 2147483647;
			files = (
				70CDC65727F1689400CD3782 /* MainApp.swift in Sources */,
			);
			runOnlyForDeploymentPostprocessing = 0;
		};
		70CDC63E27F1689400CD3782 /* Sources */ = {
			isa = PBXSourcesBuildPhase;
			buildActionMask = 2147483647;
			files = (
				70CDC64927F1689400CD3782 /* Tests_iOSLaunchTests.swift in Sources */,
				70CDC64727F1689400CD3782 /* Tests_iOS.swift in Sources */,
			);
			runOnlyForDeploymentPostprocessing = 0;
		};
		70CDC64A27F1689400CD3782 /* Sources */ = {
			isa = PBXSourcesBuildPhase;
			buildActionMask = 2147483647;
			files = (
				70CDC65527F1689400CD3782 /* Tests_macOSLaunchTests.swift in Sources */,
				70CDC65327F1689400CD3782 /* Tests_macOS.swift in Sources */,
			);
			runOnlyForDeploymentPostprocessing = 0;
		};
/* End PBXSourcesBuildPhase section */

/* Begin PBXTargetDependency section */
		70CDC64427F1689400CD3782 /* PBXTargetDependency */ = {
			isa = PBXTargetDependency;
			target = 70CDC63427F1689400CD3782 /* E2DCApp (iOS) */;
			targetProxy = 70CDC64327F1689400CD3782 /* PBXContainerItemProxy */;
		};
		70CDC65027F1689400CD3782 /* PBXTargetDependency */ = {
			isa = PBXTargetDependency;
			target = 70CDC63A27F1689400CD3782 /* E2DCApp (macOS) */;
			targetProxy = 70CDC64F27F1689400CD3782 /* PBXContainerItemProxy */;
		};
/* End PBXTargetDependency section */

/* Begin XCBuildConfiguration section */
		70CDC65C27F1689400CD3782 /* Debug */ = {
			isa = XCBuildConfiguration;
			buildSettings = {
				ALWAYS_SEARCH_USER_PATHS = NO;
				CLANG_ANALYZER_NONNULL = YES;
				CLANG_ANALYZER_NUMBER_OBJECT_CONVERSION = YES_AGGRESSIVE;
				CLANG_CXX_LANGUAGE_STANDARD = "gnu++17";
				CLANG_ENABLE_MODULES = YES;
				CLANG_ENABLE_OBJC_ARC = YES;
				CLANG_ENABLE_OBJC_WEAK = YES;
				CLANG_WARN_BLOCK_CAPTURE_AUTORELEASING = YES;
				CLANG_WARN_BOOL_CONVERSION = YES;
				CLANG_WARN_COMMA = YES;
				CLANG_WARN_CONSTANT_CONVERSION = YES;
				CLANG_WARN_DEPRECATED_OBJC_IMPLEMENTATIONS = YES;
				CLANG_WARN_DIRECT_OBJC_ISA_USAGE = YES_ERROR;
				CLANG_WARN_DOCUMENTATION_COMMENTS = YES;
				CLANG_WARN_EMPTY_BODY = YES;
				CLANG_WARN_ENUM_CONVERSION = YES;
				CLANG_WARN_INFINITE_RECURSION = YES;
				CLANG_WARN_INT_CONVERSION = YES;
				CLANG_WARN_NON_LITERAL_NULL_CONVERSION = YES;
				CLANG_WARN_OBJC_IMPLICIT_RETAIN_SELF = YES;
				CLANG_WARN_OBJC_LITERAL_CONVERSION = YES;
				CLANG_WARN_OBJC_ROOT_CLASS = YES_ERROR;
				CLANG_WARN_QUOTED_INCLUDE_IN_FRAMEWORK_HEADER = YES;
				CLANG_WARN_RANGE_LOOP_ANALYSIS = YES;
				CLANG_WARN_STRICT_PROTOTYPES = YES;
				CLANG_WARN_SUSPICIOUS_MOVE = YES;
				CLANG_WARN_UNGUARDED_AVAILABILITY = YES_AGGRESSIVE;
				CLANG_WARN_UNREACHABLE_CODE = YES;
				CLANG_WARN__DUPLICATE_METHOD_MATCH = YES;
				COPY_PHASE_STRIP = NO;
				DEBUG_INFORMATION_FORMAT = dwarf;
				ENABLE_STRICT_OBJC_MSGSEND = YES;
				ENABLE_TESTABILITY = YES;
				GCC_C_LANGUAGE_STANDARD = gnu11;
				GCC_DYNAMIC_NO_PIC = NO;
				GCC_NO_COMMON_BLOCKS = YES;
				GCC_OPTIMIZATION_LEVEL = 0;
				GCC_PREPROCESSOR_DEFINITIONS = (
					"DEBUG=1",
					"$(inherited)",
				);
				GCC_WARN_64_TO_32_BIT_CONVERSION = YES;
				GCC_WARN_ABOUT_RETURN_TYPE = YES_ERROR;
				GCC_WARN_UNDECLARED_SELECTOR = YES;
				GCC_WARN_UNINITIALIZED_AUTOS = YES_AGGRESSIVE;
				GCC_WARN_UNUSED_FUNCTION = YES;
				GCC_WARN_UNUSED_VARIABLE = YES;
				MTL_ENABLE_DEBUG_INFO = INCLUDE_SOURCE;
				MTL_FAST_MATH = YES;
				ONLY_ACTIVE_ARCH = YES;
				SWIFT_ACTIVE_COMPILATION_CONDITIONS = DEBUG;
				SWIFT_OPTIMIZATION_LEVEL = "-Onone";
			};
			name = Debug;
		};
		70CDC65D27F1689400CD3782 /* Release */ = {
			isa = XCBuildConfiguration;
			buildSettings = {
				ALWAYS_SEARCH_USER_PATHS = NO;
				CLANG_ANALYZER_NONNULL = YES;
				CLANG_ANALYZER_NUMBER_OBJECT_CONVERSION = YES_AGGRESSIVE;
				CLANG_CXX_LANGUAGE_STANDARD = "gnu++17";
				CLANG_ENABLE_MODULES = YES;
				CLANG_ENABLE_OBJC_ARC = YES;
				CLANG_ENABLE_OBJC_WEAK = YES;
				CLANG_WARN_BLOCK_CAPTURE_AUTORELEASING = YES;
				CLANG_WARN_BOOL_CONVERSION = YES;
				CLANG_WARN_COMMA = YES;
				CLANG_WARN_CONSTANT_CONVERSION = YES;
				CLANG_WARN_DEPRECATED_OBJC_IMPLEMENTATIONS = YES;
				CLANG_WARN_DIRECT_OBJC_ISA_USAGE = YES_ERROR;
				CLANG_WARN_DOCUMENTATION_COMMENTS = YES;
				CLANG_WARN_EMPTY_BODY = YES;
				CLANG_WARN_ENUM_CONVERSION = YES;
				CLANG_WARN_INFINITE_RECURSION = YES;
				CLANG_WARN_INT_CONVERSION = YES;
				CLANG_WARN_NON_LITERAL_NULL_CONVERSION = YES;
				CLANG_WARN_OBJC_IMPLICIT_RETAIN_SELF = YES;
				CLANG_WARN_OBJC_LITERAL_CONVERSION = YES;
				CLANG_WARN_OBJC_ROOT_CLASS = YES_ERROR;
				CLANG_WARN_QUOTED_INCLUDE_IN_FRAMEWORK_HEADER = YES;
				CLANG_WARN_RANGE_LOOP_ANALYSIS = YES;
				CLANG_WARN_STRICT_PROTOTYPES = YES;
				CLANG_WARN_SUSPICIOUS_MOVE = YES;
				CLANG_WARN_UNGUARDED_AVAILABILITY = YES_AGGRESSIVE;
				CLANG_WARN_UNREACHABLE_CODE = YES;
				CLANG_WARN__DUPLICATE_METHOD_MATCH = YES;
				COPY_PHASE_STRIP = NO;
				DEBUG_INFORMATION_FORMAT = "dwarf-with-dsym";
				ENABLE_NS_ASSERTIONS = NO;
				ENABLE_STRICT_OBJC_MSGSEND = YES;
				GCC_C_LANGUAGE_STANDARD = gnu11;
				GCC_NO_COMMON_BLOCKS = YES;
				GCC_WARN_64_TO_32_BIT_CONVERSION = YES;
				GCC_WARN_ABOUT_RETURN_TYPE = YES_ERROR;
				GCC_WARN_UNDECLARED_SELECTOR = YES;
				GCC_WARN_UNINITIALIZED_AUTOS = YES_AGGRESSIVE;
				GCC_WARN_UNUSED_FUNCTION = YES;
				GCC_WARN_UNUSED_VARIABLE = YES;
				MTL_ENABLE_DEBUG_INFO = NO;
				MTL_FAST_MATH = YES;
				SWIFT_COMPILATION_MODE = wholemodule;
				SWIFT_OPTIMIZATION_LEVEL = "-O";
			};
			name = Release;
		};
		70CDC65F27F1689400CD3782 /* Debug */ = {
			isa = XCBuildConfiguration;
			buildSettings = {
				ASSETCATALOG_COMPILER_APPICON_NAME = AppIcon;
				ASSETCATALOG_COMPILER_GLOBAL_ACCENT_COLOR_NAME = AccentColor;
				CODE_SIGN_STYLE = Automatic;
				CURRENT_PROJECT_VERSION = 1;
				DEVELOPMENT_TEAM = P437HSA6PY;
				ENABLE_PREVIEWS = YES;
				GENERATE_INFOPLIST_FILE = YES;
				INFOPLIST_KEY_UIApplicationSceneManifest_Generation = YES;
				INFOPLIST_KEY_UIApplicationSupportsIndirectInputEvents = YES;
				INFOPLIST_KEY_UILaunchScreen_Generation = YES;
				INFOPLIST_KEY_UISupportedInterfaceOrientations_iPad = "UIInterfaceOrientationPortrait UIInterfaceOrientationPortraitUpsideDown UIInterfaceOrientationLandscapeLeft UIInterfaceOrientationLandscapeRight";
				INFOPLIST_KEY_UISupportedInterfaceOrientations_iPhone = "UIInterfaceOrientationPortrait UIInterfaceOrientationLandscapeLeft UIInterfaceOrientationLandscapeRight";
				IPHONEOS_DEPLOYMENT_TARGET = 15.0;
				LD_RUNPATH_SEARCH_PATHS = (
					"$(inherited)",
					"@executable_path/Frameworks",
				);
				MARKETING_VERSION = 1.0;
				PRODUCT_BUNDLE_IDENTIFIER = tech.penginmura.E2DCApp;
				PRODUCT_NAME = E2DCApp;
				SDKROOT = iphoneos;
				SWIFT_EMIT_LOC_STRINGS = YES;
				SWIFT_VERSION = 5.0;
				TARGETED_DEVICE_FAMILY = "1,2";
			};
			name = Debug;
		};
		70CDC66027F1689400CD3782 /* Release */ = {
			isa = XCBuildConfiguration;
			buildSettings = {
				ASSETCATALOG_COMPILER_APPICON_NAME = AppIcon;
				ASSETCATALOG_COMPILER_GLOBAL_ACCENT_COLOR_NAME = AccentColor;
				CODE_SIGN_STYLE = Automatic;
				CURRENT_PROJECT_VERSION = 1;
				DEVELOPMENT_TEAM = P437HSA6PY;
				ENABLE_PREVIEWS = YES;
				GENERATE_INFOPLIST_FILE = YES;
				INFOPLIST_KEY_UIApplicationSceneManifest_Generation = YES;
				INFOPLIST_KEY_UIApplicationSupportsIndirectInputEvents = YES;
				INFOPLIST_KEY_UILaunchScreen_Generation = YES;
				INFOPLIST_KEY_UISupportedInterfaceOrientations_iPad = "UIInterfaceOrientationPortrait UIInterfaceOrientationPortraitUpsideDown UIInterfaceOrientationLandscapeLeft UIInterfaceOrientationLandscapeRight";
				INFOPLIST_KEY_UISupportedInterfaceOrientations_iPhone = "UIInterfaceOrientationPortrait UIInterfaceOrientationLandscapeLeft UIInterfaceOrientationLandscapeRight";
				IPHONEOS_DEPLOYMENT_TARGET = 15.0;
				LD_RUNPATH_SEARCH_PATHS = (
					"$(inherited)",
					"@executable_path/Frameworks",
				);
				MARKETING_VERSION = 1.0;
				PRODUCT_BUNDLE_IDENTIFIER = tech.penginmura.E2DCApp;
				PRODUCT_NAME = E2DCApp;
				SDKROOT = iphoneos;
				SWIFT_EMIT_LOC_STRINGS = YES;
				SWIFT_VERSION = 5.0;
				TARGETED_DEVICE_FAMILY = "1,2";
				VALIDATE_PRODUCT = YES;
			};
			name = Release;
		};
		70CDC66227F1689400CD3782 /* Debug */ = {
			isa = XCBuildConfiguration;
			buildSettings = {
				ASSETCATALOG_COMPILER_APPICON_NAME = AppIcon;
				ASSETCATALOG_COMPILER_GLOBAL_ACCENT_COLOR_NAME = AccentColor;
				CODE_SIGN_ENTITLEMENTS = macOS/macOS.entitlements;
				CODE_SIGN_STYLE = Automatic;
				COMBINE_HIDPI_IMAGES = YES;
				CURRENT_PROJECT_VERSION = 1;
				DEVELOPMENT_TEAM = P437HSA6PY;
				ENABLE_HARDENED_RUNTIME = YES;
				ENABLE_PREVIEWS = YES;
				GENERATE_INFOPLIST_FILE = YES;
				INFOPLIST_KEY_NSHumanReadableCopyright = "";
				LD_RUNPATH_SEARCH_PATHS = (
					"$(inherited)",
					"@executable_path/../Frameworks",
				);
				MACOSX_DEPLOYMENT_TARGET = 12.0;
				MARKETING_VERSION = 1.0;
				PRODUCT_BUNDLE_IDENTIFIER = tech.penginmura.E2DCApp;
				PRODUCT_NAME = E2DCApp;
				SDKROOT = macosx;
				SWIFT_EMIT_LOC_STRINGS = YES;
				SWIFT_VERSION = 5.0;
			};
			name = Debug;
		};
		70CDC66327F1689400CD3782 /* Release */ = {
			isa = XCBuildConfiguration;
			buildSettings = {
				ASSETCATALOG_COMPILER_APPICON_NAME = AppIcon;
				ASSETCATALOG_COMPILER_GLOBAL_ACCENT_COLOR_NAME = AccentColor;
				CODE_SIGN_ENTITLEMENTS = macOS/macOS.entitlements;
				CODE_SIGN_STYLE = Automatic;
				COMBINE_HIDPI_IMAGES = YES;
				CURRENT_PROJECT_VERSION = 1;
				DEVELOPMENT_TEAM = P437HSA6PY;
				ENABLE_HARDENED_RUNTIME = YES;
				ENABLE_PREVIEWS = YES;
				GENERATE_INFOPLIST_FILE = YES;
				INFOPLIST_KEY_NSHumanReadableCopyright = "";
				LD_RUNPATH_SEARCH_PATHS = (
					"$(inherited)",
					"@executable_path/../Frameworks",
				);
				MACOSX_DEPLOYMENT_TARGET = 12.0;
				MARKETING_VERSION = 1.0;
				PRODUCT_BUNDLE_IDENTIFIER = tech.penginmura.E2DCApp;
				PRODUCT_NAME = E2DCApp;
				SDKROOT = macosx;
				SWIFT_EMIT_LOC_STRINGS = YES;
				SWIFT_VERSION = 5.0;
			};
			name = Release;
		};
		70CDC66527F1689400CD3782 /* Debug */ = {
			isa = XCBuildConfiguration;
			buildSettings = {
				ALWAYS_EMBED_SWIFT_STANDARD_LIBRARIES = YES;
				CODE_SIGN_STYLE = Automatic;
				CURRENT_PROJECT_VERSION = 1;
				DEVELOPMENT_TEAM = P437HSA6PY;
				GENERATE_INFOPLIST_FILE = YES;
				IPHONEOS_DEPLOYMENT_TARGET = 15.4;
				MARKETING_VERSION = 1.0;
				PRODUCT_BUNDLE_IDENTIFIER = "tech.penginmura.Tests-iOS";
				PRODUCT_NAME = "$(TARGET_NAME)";
				SDKROOT = iphoneos;
				SWIFT_EMIT_LOC_STRINGS = NO;
				SWIFT_VERSION = 5.0;
				TARGETED_DEVICE_FAMILY = "1,2";
				TEST_TARGET_NAME = "E2DCApp (iOS)";
			};
			name = Debug;
		};
		70CDC66627F1689400CD3782 /* Release */ = {
			isa = XCBuildConfiguration;
			buildSettings = {
				ALWAYS_EMBED_SWIFT_STANDARD_LIBRARIES = YES;
				CODE_SIGN_STYLE = Automatic;
				CURRENT_PROJECT_VERSION = 1;
				DEVELOPMENT_TEAM = P437HSA6PY;
				GENERATE_INFOPLIST_FILE = YES;
				IPHONEOS_DEPLOYMENT_TARGET = 15.4;
				MARKETING_VERSION = 1.0;
				PRODUCT_BUNDLE_IDENTIFIER = "tech.penginmura.Tests-iOS";
				PRODUCT_NAME = "$(TARGET_NAME)";
				SDKROOT = iphoneos;
				SWIFT_EMIT_LOC_STRINGS = NO;
				SWIFT_VERSION = 5.0;
				TARGETED_DEVICE_FAMILY = "1,2";
				TEST_TARGET_NAME = "E2DCApp (iOS)";
				VALIDATE_PRODUCT = YES;
			};
			name = Release;
		};
		70CDC66827F1689400CD3782 /* Debug */ = {
			isa = XCBuildConfiguration;
			buildSettings = {
				ALWAYS_EMBED_SWIFT_STANDARD_LIBRARIES = YES;
				CODE_SIGN_STYLE = Automatic;
				CURRENT_PROJECT_VERSION = 1;
				DEVELOPMENT_TEAM = P437HSA6PY;
				GENERATE_INFOPLIST_FILE = YES;
				MACOSX_DEPLOYMENT_TARGET = 12.2;
				MARKETING_VERSION = 1.0;
				PRODUCT_BUNDLE_IDENTIFIER = "tech.penginmura.Tests-macOS";
				PRODUCT_NAME = "$(TARGET_NAME)";
				SDKROOT = macosx;
				SWIFT_EMIT_LOC_STRINGS = NO;
				SWIFT_VERSION = 5.0;
				TEST_TARGET_NAME = "E2DCApp (macOS)";
			};
			name = Debug;
		};
		70CDC66927F1689400CD3782 /* Release */ = {
			isa = XCBuildConfiguration;
			buildSettings = {
				ALWAYS_EMBED_SWIFT_STANDARD_LIBRARIES = YES;
				CODE_SIGN_STYLE = Automatic;
				CURRENT_PROJECT_VERSION = 1;
				DEVELOPMENT_TEAM = P437HSA6PY;
				GENERATE_INFOPLIST_FILE = YES;
				MACOSX_DEPLOYMENT_TARGET = 12.2;
				MARKETING_VERSION = 1.0;
				PRODUCT_BUNDLE_IDENTIFIER = "tech.penginmura.Tests-macOS";
				PRODUCT_NAME = "$(TARGET_NAME)";
				SDKROOT = macosx;
				SWIFT_EMIT_LOC_STRINGS = NO;
				SWIFT_VERSION = 5.0;
				TEST_TARGET_NAME = "E2DCApp (macOS)";
			};
			name = Release;
		};
/* End XCBuildConfiguration section */

/* Begin XCConfigurationList section */
		70CDC62C27F1689300CD3782 /* Build configuration list for PBXProject "E2DCApp" */ = {
			isa = XCConfigurationList;
			buildConfigurations = (
				70CDC65C27F1689400CD3782 /* Debug */,
				70CDC65D27F1689400CD3782 /* Release */,
			);
			defaultConfigurationIsVisible = 0;
			defaultConfigurationName = Release;
		};
		70CDC65E27F1689400CD3782 /* Build configuration list for PBXNativeTarget "E2DCApp (iOS)" */ = {
			isa = XCConfigurationList;
			buildConfigurations = (
				70CDC65F27F1689400CD3782 /* Debug */,
				70CDC66027F1689400CD3782 /* Release */,
			);
			defaultConfigurationIsVisible = 0;
			defaultConfigurationName = Release;
		};
		70CDC66127F1689400CD3782 /* Build configuration list for PBXNativeTarget "E2DCApp (macOS)" */ = {
			isa = XCConfigurationList;
			buildConfigurations = (
				70CDC66227F1689400CD3782 /* Debug */,
				70CDC66327F1689400CD3782 /* Release */,
			);
			defaultConfigurationIsVisible = 0;
			defaultConfigurationName = Release;
		};
		70CDC66427F1689400CD3782 /* Build configuration list for PBXNativeTarget "Tests iOS" */ = {
			isa = XCConfigurationList;
			buildConfigurations = (
				70CDC66527F1689400CD3782 /* Debug */,
				70CDC66627F1689400CD3782 /* Release */,
			);
			defaultConfigurationIsVisible = 0;
			defaultConfigurationName = Release;
		};
		70CDC66727F1689400CD3782 /* Build configuration list for PBXNativeTarget "Tests macOS" */ = {
			isa = XCConfigurationList;
			buildConfigurations = (
				70CDC66827F1689400CD3782 /* Debug */,
				70CDC66927F1689400CD3782 /* Release */,
			);
			defaultConfigurationIsVisible = 0;
			defaultConfigurationName = Release;
		};
/* End XCConfigurationList section */

/* Begin XCSwiftPackageProductDependency section */
		70CDC66B27F169C700CD3782 /* Root */ = {
			isa = XCSwiftPackageProductDependency;
			productName = Root;
		};
		70CDC66D27F169CE00CD3782 /* Root */ = {
			isa = XCSwiftPackageProductDependency;
			productName = Root;
		};
/* End XCSwiftPackageProductDependency section */
	};
	rootObject = 70CDC62927F1689300CD3782 /* Project object */;
}
